// !$*UTF8*$!
{
	archiveVersion = 1;
	classes = {
	};
	objectVersion = 50;
	objects = {

/* Begin PBXBuildFile section */
		6C96818024BDF3AC00201534 /* AppDelegate.swift in Sources */ = {isa = PBXBuildFile; fileRef = 6C96817F24BDF3AC00201534 /* AppDelegate.swift */; };
		6C96818224BDF3AC00201534 /* ViewController.swift in Sources */ = {isa = PBXBuildFile; fileRef = 6C96818124BDF3AC00201534 /* ViewController.swift */; };
		6C96818524BDF3AC00201534 /* Main.storyboard in Resources */ = {isa = PBXBuildFile; fileRef = 6C96818324BDF3AC00201534 /* Main.storyboard */; };
		6C96818824BDF3AC00201534 /* HclTask.xcdatamodeld in Sources */ = {isa = PBXBuildFile; fileRef = 6C96818624BDF3AC00201534 /* HclTask.xcdatamodeld */; };
		6C96818A24BDF3AE00201534 /* Assets.xcassets in Resources */ = {isa = PBXBuildFile; fileRef = 6C96818924BDF3AE00201534 /* Assets.xcassets */; };
		6C96818D24BDF3AE00201534 /* LaunchScreen.storyboard in Resources */ = {isa = PBXBuildFile; fileRef = 6C96818B24BDF3AE00201534 /* LaunchScreen.storyboard */; };
		6C96819824BDF3AE00201534 /* HclTaskTests.swift in Sources */ = {isa = PBXBuildFile; fileRef = 6C96819724BDF3AE00201534 /* HclTaskTests.swift */; };
		6C9681A324BDF3AE00201534 /* HclTaskUITests.swift in Sources */ = {isa = PBXBuildFile; fileRef = 6C9681A224BDF3AE00201534 /* HclTaskUITests.swift */; };
		6C9681B224BDFA4800201534 /* Utils.swift in Sources */ = {isa = PBXBuildFile; fileRef = 6C9681B124BDFA4800201534 /* Utils.swift */; };
		6C9681B524BE0BEF00201534 /* Anchor+Helper.swift in Sources */ = {isa = PBXBuildFile; fileRef = 6C9681B424BE0BEF00201534 /* Anchor+Helper.swift */; };
/* End PBXBuildFile section */

/* Begin PBXContainerItemProxy section */
		6C96819424BDF3AE00201534 /* PBXContainerItemProxy */ = {
			isa = PBXContainerItemProxy;
			containerPortal = 6C96817424BDF3AC00201534 /* Project object */;
			proxyType = 1;
			remoteGlobalIDString = 6C96817B24BDF3AC00201534;
			remoteInfo = HclTask;
		};
		6C96819F24BDF3AE00201534 /* PBXContainerItemProxy */ = {
			isa = PBXContainerItemProxy;
			containerPortal = 6C96817424BDF3AC00201534 /* Project object */;
			proxyType = 1;
			remoteGlobalIDString = 6C96817B24BDF3AC00201534;
			remoteInfo = HclTask;
		};
/* End PBXContainerItemProxy section */

/* Begin PBXFileReference section */
		6C96817C24BDF3AC00201534 /* HclTask.app */ = {isa = PBXFileReference; explicitFileType = wrapper.application; includeInIndex = 0; path = HclTask.app; sourceTree = BUILT_PRODUCTS_DIR; };
		6C96817F24BDF3AC00201534 /* AppDelegate.swift */ = {isa = PBXFileReference; lastKnownFileType = sourcecode.swift; path = AppDelegate.swift; sourceTree = "<group>"; };
		6C96818124BDF3AC00201534 /* ViewController.swift */ = {isa = PBXFileReference; lastKnownFileType = sourcecode.swift; path = ViewController.swift; sourceTree = "<group>"; };
		6C96818424BDF3AC00201534 /* Base */ = {isa = PBXFileReference; lastKnownFileType = file.storyboard; name = Base; path = Base.lproj/Main.storyboard; sourceTree = "<group>"; };
		6C96818724BDF3AC00201534 /* HclTask.xcdatamodel */ = {isa = PBXFileReference; lastKnownFileType = wrapper.xcdatamodel; path = HclTask.xcdatamodel; sourceTree = "<group>"; };
		6C96818924BDF3AE00201534 /* Assets.xcassets */ = {isa = PBXFileReference; lastKnownFileType = folder.assetcatalog; path = Assets.xcassets; sourceTree = "<group>"; };
		6C96818C24BDF3AE00201534 /* Base */ = {isa = PBXFileReference; lastKnownFileType = file.storyboard; name = Base; path = Base.lproj/LaunchScreen.storyboard; sourceTree = "<group>"; };
		6C96818E24BDF3AE00201534 /* Info.plist */ = {isa = PBXFileReference; lastKnownFileType = text.plist.xml; path = Info.plist; sourceTree = "<group>"; };
		6C96819324BDF3AE00201534 /* HclTaskTests.xctest */ = {isa = PBXFileReference; explicitFileType = wrapper.cfbundle; includeInIndex = 0; path = HclTaskTests.xctest; sourceTree = BUILT_PRODUCTS_DIR; };
		6C96819724BDF3AE00201534 /* HclTaskTests.swift */ = {isa = PBXFileReference; lastKnownFileType = sourcecode.swift; path = HclTaskTests.swift; sourceTree = "<group>"; };
		6C96819924BDF3AE00201534 /* Info.plist */ = {isa = PBXFileReference; lastKnownFileType = text.plist.xml; path = Info.plist; sourceTree = "<group>"; };
		6C96819E24BDF3AE00201534 /* HclTaskUITests.xctest */ = {isa = PBXFileReference; explicitFileType = wrapper.cfbundle; includeInIndex = 0; path = HclTaskUITests.xctest; sourceTree = BUILT_PRODUCTS_DIR; };
		6C9681A224BDF3AE00201534 /* HclTaskUITests.swift */ = {isa = PBXFileReference; lastKnownFileType = sourcecode.swift; path = HclTaskUITests.swift; sourceTree = "<group>"; };
		6C9681A424BDF3AE00201534 /* Info.plist */ = {isa = PBXFileReference; lastKnownFileType = text.plist.xml; path = Info.plist; sourceTree = "<group>"; };
		6C9681B124BDFA4800201534 /* Utils.swift */ = {isa = PBXFileReference; lastKnownFileType = sourcecode.swift; path = Utils.swift; sourceTree = "<group>"; };
		6C9681B424BE0BEF00201534 /* Anchor+Helper.swift */ = {isa = PBXFileReference; lastKnownFileType = sourcecode.swift; path = "Anchor+Helper.swift"; sourceTree = "<group>"; };
/* End PBXFileReference section */

/* Begin PBXFrameworksBuildPhase section */
		6C96817924BDF3AC00201534 /* Frameworks */ = {
			isa = PBXFrameworksBuildPhase;
			buildActionMask = 2147483647;
			files = (
			);
			runOnlyForDeploymentPostprocessing = 0;
		};
		6C96819024BDF3AE00201534 /* Frameworks */ = {
			isa = PBXFrameworksBuildPhase;
			buildActionMask = 2147483647;
			files = (
			);
			runOnlyForDeploymentPostprocessing = 0;
		};
		6C96819B24BDF3AE00201534 /* Frameworks */ = {
			isa = PBXFrameworksBuildPhase;
			buildActionMask = 2147483647;
			files = (
			);
			runOnlyForDeploymentPostprocessing = 0;
		};
/* End PBXFrameworksBuildPhase section */

/* Begin PBXGroup section */
		6C96817324BDF3AC00201534 = {
			isa = PBXGroup;
			children = (
				6C96817E24BDF3AC00201534 /* HclTask */,
				6C96819624BDF3AE00201534 /* HclTaskTests */,
				6C9681A124BDF3AE00201534 /* HclTaskUITests */,
				6C96817D24BDF3AC00201534 /* Products */,
			);
			sourceTree = "<group>";
		};
		6C96817D24BDF3AC00201534 /* Products */ = {
			isa = PBXGroup;
			children = (
				6C96817C24BDF3AC00201534 /* HclTask.app */,
				6C96819324BDF3AE00201534 /* HclTaskTests.xctest */,
				6C96819E24BDF3AE00201534 /* HclTaskUITests.xctest */,
			);
			name = Products;
			sourceTree = "<group>";
		};
		6C96817E24BDF3AC00201534 /* HclTask */ = {
			isa = PBXGroup;
			children = (
				6C9681B024BDFA2200201534 /* Support Classes */,
				6C96817F24BDF3AC00201534 /* AppDelegate.swift */,
				6C96818124BDF3AC00201534 /* ViewController.swift */,
				6C96818324BDF3AC00201534 /* Main.storyboard */,
				6C96818924BDF3AE00201534 /* Assets.xcassets */,
				6C96818B24BDF3AE00201534 /* LaunchScreen.storyboard */,
				6C96818E24BDF3AE00201534 /* Info.plist */,
				6C96818624BDF3AC00201534 /* HclTask.xcdatamodeld */,
			);
			path = HclTask;
			sourceTree = "<group>";
		};
		6C96819624BDF3AE00201534 /* HclTaskTests */ = {
			isa = PBXGroup;
			children = (
				6C96819724BDF3AE00201534 /* HclTaskTests.swift */,
				6C96819924BDF3AE00201534 /* Info.plist */,
			);
			path = HclTaskTests;
			sourceTree = "<group>";
		};
		6C9681A124BDF3AE00201534 /* HclTaskUITests */ = {
			isa = PBXGroup;
			children = (
				6C9681A224BDF3AE00201534 /* HclTaskUITests.swift */,
				6C9681A424BDF3AE00201534 /* Info.plist */,
			);
			path = HclTaskUITests;
			sourceTree = "<group>";
		};
		6C9681B024BDFA2200201534 /* Support Classes */ = {
			isa = PBXGroup;
			children = (
				6C9681B324BE0B4100201534 /* Anchor */,
				6C9681B124BDFA4800201534 /* Utils.swift */,
			);
			path = "Support Classes";
			sourceTree = "<group>";
		};
		6C9681B324BE0B4100201534 /* Anchor */ = {
			isa = PBXGroup;
			children = (
				6C9681B424BE0BEF00201534 /* Anchor+Helper.swift */,
			);
			path = Anchor;
			sourceTree = "<group>";
		};
/* End PBXGroup section */

/* Begin PBXNativeTarget section */
		6C96817B24BDF3AC00201534 /* HclTask */ = {
			isa = PBXNativeTarget;
			buildConfigurationList = 6C9681A724BDF3AE00201534 /* Build configuration list for PBXNativeTarget "HclTask" */;
			buildPhases = (
				6C96817824BDF3AC00201534 /* Sources */,
				6C96817924BDF3AC00201534 /* Frameworks */,
				6C96817A24BDF3AC00201534 /* Resources */,
			);
			buildRules = (
			);
			dependencies = (
			);
			name = HclTask;
			productName = HclTask;
			productReference = 6C96817C24BDF3AC00201534 /* HclTask.app */;
			productType = "com.apple.product-type.application";
		};
		6C96819224BDF3AE00201534 /* HclTaskTests */ = {
			isa = PBXNativeTarget;
			buildConfigurationList = 6C9681AA24BDF3AE00201534 /* Build configuration list for PBXNativeTarget "HclTaskTests" */;
			buildPhases = (
				6C96818F24BDF3AE00201534 /* Sources */,
				6C96819024BDF3AE00201534 /* Frameworks */,
				6C96819124BDF3AE00201534 /* Resources */,
			);
			buildRules = (
			);
			dependencies = (
				6C96819524BDF3AE00201534 /* PBXTargetDependency */,
			);
			name = HclTaskTests;
			productName = HclTaskTests;
			productReference = 6C96819324BDF3AE00201534 /* HclTaskTests.xctest */;
			productType = "com.apple.product-type.bundle.unit-test";
		};
		6C96819D24BDF3AE00201534 /* HclTaskUITests */ = {
			isa = PBXNativeTarget;
			buildConfigurationList = 6C9681AD24BDF3AE00201534 /* Build configuration list for PBXNativeTarget "HclTaskUITests" */;
			buildPhases = (
				6C96819A24BDF3AE00201534 /* Sources */,
				6C96819B24BDF3AE00201534 /* Frameworks */,
				6C96819C24BDF3AE00201534 /* Resources */,
			);
			buildRules = (
			);
			dependencies = (
				6C9681A024BDF3AE00201534 /* PBXTargetDependency */,
			);
			name = HclTaskUITests;
			productName = HclTaskUITests;
			productReference = 6C96819E24BDF3AE00201534 /* HclTaskUITests.xctest */;
			productType = "com.apple.product-type.bundle.ui-testing";
		};
/* End PBXNativeTarget section */

/* Begin PBXProject section */
		6C96817424BDF3AC00201534 /* Project object */ = {
			isa = PBXProject;
			attributes = {
				LastSwiftUpdateCheck = 1020;
				LastUpgradeCheck = 1020;
				ORGANIZATIONNAME = "Anand Sakthivel";
				TargetAttributes = {
					6C96817B24BDF3AC00201534 = {
						CreatedOnToolsVersion = 10.2.1;
					};
					6C96819224BDF3AE00201534 = {
						CreatedOnToolsVersion = 10.2.1;
						TestTargetID = 6C96817B24BDF3AC00201534;
					};
					6C96819D24BDF3AE00201534 = {
						CreatedOnToolsVersion = 10.2.1;
						TestTargetID = 6C96817B24BDF3AC00201534;
					};
				};
			};
			buildConfigurationList = 6C96817724BDF3AC00201534 /* Build configuration list for PBXProject "HclTask" */;
			compatibilityVersion = "Xcode 9.3";
			developmentRegion = en;
			hasScannedForEncodings = 0;
			knownRegions = (
				en,
				Base,
			);
			mainGroup = 6C96817324BDF3AC00201534;
			productRefGroup = 6C96817D24BDF3AC00201534 /* Products */;
			projectDirPath = "";
			projectRoot = "";
			targets = (
				6C96817B24BDF3AC00201534 /* HclTask */,
				6C96819224BDF3AE00201534 /* HclTaskTests */,
				6C96819D24BDF3AE00201534 /* HclTaskUITests */,
			);
		};
/* End PBXProject section */

/* Begin PBXResourcesBuildPhase section */
		6C96817A24BDF3AC00201534 /* Resources */ = {
			isa = PBXResourcesBuildPhase;
			buildActionMask = 2147483647;
			files = (
				6C96818D24BDF3AE00201534 /* LaunchScreen.storyboard in Resources */,
				6C96818A24BDF3AE00201534 /* Assets.xcassets in Resources */,
				6C96818524BDF3AC00201534 /* Main.storyboard in Resources */,
			);
			runOnlyForDeploymentPostprocessing = 0;
		};
		6C96819124BDF3AE00201534 /* Resources */ = {
			isa = PBXResourcesBuildPhase;
			buildActionMask = 2147483647;
			files = (
			);
			runOnlyForDeploymentPostprocessing = 0;
		};
		6C96819C24BDF3AE00201534 /* Resources */ = {
			isa = PBXResourcesBuildPhase;
			buildActionMask = 2147483647;
			files = (
			);
			runOnlyForDeploymentPostprocessing = 0;
		};
/* End PBXResourcesBuildPhase section */

/* Begin PBXSourcesBuildPhase section */
		6C96817824BDF3AC00201534 /* Sources */ = {
			isa = PBXSourcesBuildPhase;
			buildActionMask = 2147483647;
			files = (
				6C9681B524BE0BEF00201534 /* Anchor+Helper.swift in Sources */,
				6C96818824BDF3AC00201534 /* HclTask.xcdatamodeld in Sources */,
				6C96818224BDF3AC00201534 /* ViewController.swift in Sources */,
				6C96818024BDF3AC00201534 /* AppDelegate.swift in Sources */,
				6C9681B224BDFA4800201534 /* Utils.swift in Sources */,
			);
			runOnlyForDeploymentPostprocessing = 0;
		};
		6C96818F24BDF3AE00201534 /* Sources */ = {
			isa = PBXSourcesBuildPhase;
			buildActionMask = 2147483647;
			files = (
				6C96819824BDF3AE00201534 /* HclTaskTests.swift in Sources */,
			);
			runOnlyForDeploymentPostprocessing = 0;
		};
		6C96819A24BDF3AE00201534 /* Sources */ = {
			isa = PBXSourcesBuildPhase;
			buildActionMask = 2147483647;
			files = (
				6C9681A324BDF3AE00201534 /* HclTaskUITests.swift in Sources */,
			);
			runOnlyForDeploymentPostprocessing = 0;
		};
/* End PBXSourcesBuildPhase section */

/* Begin PBXTargetDependency section */
		6C96819524BDF3AE00201534 /* PBXTargetDependency */ = {
			isa = PBXTargetDependency;
			target = 6C96817B24BDF3AC00201534 /* HclTask */;
			targetProxy = 6C96819424BDF3AE00201534 /* PBXContainerItemProxy */;
		};
		6C9681A024BDF3AE00201534 /* PBXTargetDependency */ = {
			isa = PBXTargetDependency;
			target = 6C96817B24BDF3AC00201534 /* HclTask */;
			targetProxy = 6C96819F24BDF3AE00201534 /* PBXContainerItemProxy */;
		};
/* End PBXTargetDependency section */

/* Begin PBXVariantGroup section */
		6C96818324BDF3AC00201534 /* Main.storyboard */ = {
			isa = PBXVariantGroup;
			children = (
				6C96818424BDF3AC00201534 /* Base */,
			);
			name = Main.storyboard;
			sourceTree = "<group>";
		};
		6C96818B24BDF3AE00201534 /* LaunchScreen.storyboard */ = {
			isa = PBXVariantGroup;
			children = (
				6C96818C24BDF3AE00201534 /* Base */,
			);
			name = LaunchScreen.storyboard;
			sourceTree = "<group>";
		};
/* End PBXVariantGroup section */

/* Begin XCBuildConfiguration section */
		6C9681A524BDF3AE00201534 /* Debug */ = {
			isa = XCBuildConfiguration;
			buildSettings = {
				ALWAYS_SEARCH_USER_PATHS = NO;
				CLANG_ANALYZER_NONNULL = YES;
				CLANG_ANALYZER_NUMBER_OBJECT_CONVERSION = YES_AGGRESSIVE;
				CLANG_CXX_LANGUAGE_STANDARD = "gnu++14";
				CLANG_CXX_LIBRARY = "libc++";
				CLANG_ENABLE_MODULES = YES;
				CLANG_ENABLE_OBJC_ARC = YES;
				CLANG_ENABLE_OBJC_WEAK = YES;
				CLANG_WARN_BLOCK_CAPTURE_AUTORELEASING = YES;
				CLANG_WARN_BOOL_CONVERSION = YES;
				CLANG_WARN_COMMA = YES;
				CLANG_WARN_CONSTANT_CONVERSION = YES;
				CLANG_WARN_DEPRECATED_OBJC_IMPLEMENTATIONS = YES;
				CLANG_WARN_DIRECT_OBJC_ISA_USAGE = YES_ERROR;
				CLANG_WARN_DOCUMENTATION_COMMENTS = YES;
				CLANG_WARN_EMPTY_BODY = YES;
				CLANG_WARN_ENUM_CONVERSION = YES;
				CLANG_WARN_INFINITE_RECURSION = YES;
				CLANG_WARN_INT_CONVERSION = YES;
				CLANG_WARN_NON_LITERAL_NULL_CONVERSION = YES;
				CLANG_WARN_OBJC_IMPLICIT_RETAIN_SELF = YES;
				CLANG_WARN_OBJC_LITERAL_CONVERSION = YES;
				CLANG_WARN_OBJC_ROOT_CLASS = YES_ERROR;
				CLANG_WARN_RANGE_LOOP_ANALYSIS = YES;
				CLANG_WARN_STRICT_PROTOTYPES = YES;
				CLANG_WARN_SUSPICIOUS_MOVE = YES;
				CLANG_WARN_UNGUARDED_AVAILABILITY = YES_AGGRESSIVE;
				CLANG_WARN_UNREACHABLE_CODE = YES;
				CLANG_WARN__DUPLICATE_METHOD_MATCH = YES;
				CODE_SIGN_IDENTITY = "iPhone Developer";
				COPY_PHASE_STRIP = NO;
				DEBUG_INFORMATION_FORMAT = dwarf;
				ENABLE_STRICT_OBJC_MSGSEND = YES;
				ENABLE_TESTABILITY = YES;
				GCC_C_LANGUAGE_STANDARD = gnu11;
				GCC_DYNAMIC_NO_PIC = NO;
				GCC_NO_COMMON_BLOCKS = YES;
				GCC_OPTIMIZATION_LEVEL = 0;
				GCC_PREPROCESSOR_DEFINITIONS = (
					"DEBUG=1",
					"$(inherited)",
				);
				GCC_WARN_64_TO_32_BIT_CONVERSION = YES;
				GCC_WARN_ABOUT_RETURN_TYPE = YES_ERROR;
				GCC_WARN_UNDECLARED_SELECTOR = YES;
				GCC_WARN_UNINITIALIZED_AUTOS = YES_AGGRESSIVE;
				GCC_WARN_UNUSED_FUNCTION = YES;
				GCC_WARN_UNUSED_VARIABLE = YES;
				IPHONEOS_DEPLOYMENT_TARGET = 12.2;
				MTL_ENABLE_DEBUG_INFO = INCLUDE_SOURCE;
				MTL_FAST_MATH = YES;
				ONLY_ACTIVE_ARCH = YES;
				SDKROOT = iphoneos;
				SWIFT_ACTIVE_COMPILATION_CONDITIONS = DEBUG;
				SWIFT_OPTIMIZATION_LEVEL = "-Onone";
			};
			name = Debug;
		};
		6C9681A624BDF3AE00201534 /* Release */ = {
			isa = XCBuildConfiguration;
			buildSettings = {
				ALWAYS_SEARCH_USER_PATHS = NO;
				CLANG_ANALYZER_NONNULL = YES;
				CLANG_ANALYZER_NUMBER_OBJECT_CONVERSION = YES_AGGRESSIVE;
				CLANG_CXX_LANGUAGE_STANDARD = "gnu++14";
				CLANG_CXX_LIBRARY = "libc++";
				CLANG_ENABLE_MODULES = YES;
				CLANG_ENABLE_OBJC_ARC = YES;
				CLANG_ENABLE_OBJC_WEAK = YES;
				CLANG_WARN_BLOCK_CAPTURE_AUTORELEASING = YES;
				CLANG_WARN_BOOL_CONVERSION = YES;
				CLANG_WARN_COMMA = YES;
				CLANG_WARN_CONSTANT_CONVERSION = YES;
				CLANG_WARN_DEPRECATED_OBJC_IMPLEMENTATIONS = YES;
				CLANG_WARN_DIRECT_OBJC_ISA_USAGE = YES_ERROR;
				CLANG_WARN_DOCUMENTATION_COMMENTS = YES;
				CLANG_WARN_EMPTY_BODY = YES;
				CLANG_WARN_ENUM_CONVERSION = YES;
				CLANG_WARN_INFINITE_RECURSION = YES;
				CLANG_WARN_INT_CONVERSION = YES;
				CLANG_WARN_NON_LITERAL_NULL_CONVERSION = YES;
				CLANG_WARN_OBJC_IMPLICIT_RETAIN_SELF = YES;
				CLANG_WARN_OBJC_LITERAL_CONVERSION = YES;
				CLANG_WARN_OBJC_ROOT_CLASS = YES_ERROR;
				CLANG_WARN_RANGE_LOOP_ANALYSIS = YES;
				CLANG_WARN_STRICT_PROTOTYPES = YES;
				CLANG_WARN_SUSPICIOUS_MOVE = YES;
				CLANG_WARN_UNGUARDED_AVAILABILITY = YES_AGGRESSIVE;
				CLANG_WARN_UNREACHABLE_CODE = YES;
				CLANG_WARN__DUPLICATE_METHOD_MATCH = YES;
				CODE_SIGN_IDENTITY = "iPhone Developer";
				COPY_PHASE_STRIP = NO;
				DEBUG_INFORMATION_FORMAT = "dwarf-with-dsym";
				ENABLE_NS_ASSERTIONS = NO;
				ENABLE_STRICT_OBJC_MSGSEND = YES;
				GCC_C_LANGUAGE_STANDARD = gnu11;
				GCC_NO_COMMON_BLOCKS = YES;
				GCC_WARN_64_TO_32_BIT_CONVERSION = YES;
				GCC_WARN_ABOUT_RETURN_TYPE = YES_ERROR;
				GCC_WARN_UNDECLARED_SELECTOR = YES;
				GCC_WARN_UNINITIALIZED_AUTOS = YES_AGGRESSIVE;
				GCC_WARN_UNUSED_FUNCTION = YES;
				GCC_WARN_UNUSED_VARIABLE = YES;
				IPHONEOS_DEPLOYMENT_TARGET = 12.2;
				MTL_ENABLE_DEBUG_INFO = NO;
				MTL_FAST_MATH = YES;
				SDKROOT = iphoneos;
				SWIFT_COMPILATION_MODE = wholemodule;
				SWIFT_OPTIMIZATION_LEVEL = "-O";
				VALIDATE_PRODUCT = YES;
			};
			name = Release;
		};
		6C9681A824BDF3AE00201534 /* Debug */ = {
			isa = XCBuildConfiguration;
			buildSettings = {
				ASSETCATALOG_COMPILER_APPICON_NAME = AppIcon;
				CODE_SIGN_STYLE = Automatic;
				INFOPLIST_FILE = HclTask/Info.plist;
				IPHONEOS_DEPLOYMENT_TARGET = 12;
				LD_RUNPATH_SEARCH_PATHS = (
					"$(inherited)",
					"@executable_path/Frameworks",
				);
				PRODUCT_BUNDLE_IDENTIFIER = Lakshmi.HclTask;
				PRODUCT_NAME = "$(TARGET_NAME)";
				SWIFT_VERSION = 5.0;
				TARGETED_DEVICE_FAMILY = "1,2";
			};
			name = Debug;
		};
		6C9681A924BDF3AE00201534 /* Release */ = {
			isa = XCBuildConfiguration;
			buildSettings = {
				ASSETCATALOG_COMPILER_APPICON_NAME = AppIcon;
				CODE_SIGN_STYLE = Automatic;
				INFOPLIST_FILE = HclTask/Info.plist;
				IPHONEOS_DEPLOYMENT_TARGET = 12;
				LD_RUNPATH_SEARCH_PATHS = (
					"$(inherited)",
					"@executable_path/Frameworks",
				);
				PRODUCT_BUNDLE_IDENTIFIER = Lakshmi.HclTask;
				PRODUCT_NAME = "$(TARGET_NAME)";
				SWIFT_VERSION = 5.0;
				TARGETED_DEVICE_FAMILY = "1,2";
			};
			name = Release;
		};
		6C9681AB24BDF3AE00201534 /* Debug */ = {
			isa = XCBuildConfiguration;
			buildSettings = {
				ALWAYS_EMBED_SWIFT_STANDARD_LIBRARIES = YES;
				BUNDLE_LOADER = "$(TEST_HOST)";
				CODE_SIGN_STYLE = Automatic;
				INFOPLIST_FILE = HclTaskTests/Info.plist;
				LD_RUNPATH_SEARCH_PATHS = (
					"$(inherited)",
					"@executable_path/Frameworks",
					"@loader_path/Frameworks",
				);
				PRODUCT_BUNDLE_IDENTIFIER = Lakshmi.HclTaskTests;
				PRODUCT_NAME = "$(TARGET_NAME)";
				SWIFT_VERSION = 5.0;
				TARGETED_DEVICE_FAMILY = "1,2";
				TEST_HOST = "$(BUILT_PRODUCTS_DIR)/HclTask.app/HclTask";
			};
			name = Debug;
		};
		6C9681AC24BDF3AE00201534 /* Release */ = {
			isa = XCBuildConfiguration;
			buildSettings = {
				ALWAYS_EMBED_SWIFT_STANDARD_LIBRARIES = YES;
				BUNDLE_LOADER = "$(TEST_HOST)";
				CODE_SIGN_STYLE = Automatic;
				INFOPLIST_FILE = HclTaskTests/Info.plist;
				LD_RUNPATH_SEARCH_PATHS = (
					"$(inherited)",
					"@executable_path/Frameworks",
					"@loader_path/Frameworks",
				);
				PRODUCT_BUNDLE_IDENTIFIER = Lakshmi.HclTaskTests;
				PRODUCT_NAME = "$(TARGET_NAME)";
				SWIFT_VERSION = 5.0;
				TARGETED_DEVICE_FAMILY = "1,2";
				TEST_HOST = "$(BUILT_PRODUCTS_DIR)/HclTask.app/HclTask";
			};
			name = Release;
		};
		6C9681AE24BDF3AE00201534 /* Debug */ = {
			isa = XCBuildConfiguration;
			buildSettings = {
				ALWAYS_EMBED_SWIFT_STANDARD_LIBRARIES = YES;
				CODE_SIGN_STYLE = Automatic;
				INFOPLIST_FILE = HclTaskUITests/Info.plist;
				LD_RUNPATH_SEARCH_PATHS = (
					"$(inherited)",
					"@executable_path/Frameworks",
					"@loader_path/Frameworks",
				);
				PRODUCT_BUNDLE_IDENTIFIER = Lakshmi.HclTaskUITests;
				PRODUCT_NAME = "$(TARGET_NAME)";
				SWIFT_VERSION = 5.0;
				TARGETED_DEVICE_FAMILY = "1,2";
				TEST_TARGET_NAME = HclTask;
			};
			name = Debug;
		};
		6C9681AF24BDF3AE00201534 /* Release */ = {
			isa = XCBuildConfiguration;
			buildSettings = {
				ALWAYS_EMBED_SWIFT_STANDARD_LIBRARIES = YES;
				CODE_SIGN_STYLE = Automatic;
				INFOPLIST_FILE = HclTaskUITests/Info.plist;
				LD_RUNPATH_SEARCH_PATHS = (
					"$(inherited)",
					"@executable_path/Frameworks",
					"@loader_path/Frameworks",
				);
				PRODUCT_BUNDLE_IDENTIFIER = Lakshmi.HclTaskUITests;
				PRODUCT_NAME = "$(TARGET_NAME)";
				SWIFT_VERSION = 5.0;
				TARGETED_DEVICE_FAMILY = "1,2";
				TEST_TARGET_NAME = HclTask;
			};
			name = Release;
		};
/* End XCBuildConfiguration section */

/* Begin XCConfigurationList section */
		6C96817724BDF3AC00201534 /* Build configuration list for PBXProject "HclTask" */ = {
			isa = XCConfigurationList;
			buildConfigurations = (
				6C9681A524BDF3AE00201534 /* Debug */,
				6C9681A624BDF3AE00201534 /* Release */,
			);
			defaultConfigurationIsVisible = 0;
			defaultConfigurationName = Release;
		};
		6C9681A724BDF3AE00201534 /* Build configuration list for PBXNativeTarget "HclTask" */ = {
			isa = XCConfigurationList;
			buildConfigurations = (
				6C9681A824BDF3AE00201534 /* Debug */,
				6C9681A924BDF3AE00201534 /* Release */,
			);
			defaultConfigurationIsVisible = 0;
			defaultConfigurationName = Release;
		};
		6C9681AA24BDF3AE00201534 /* Build configuration list for PBXNativeTarget "HclTaskTests" */ = {
			isa = XCConfigurationList;
			buildConfigurations = (
				6C9681AB24BDF3AE00201534 /* Debug */,
				6C9681AC24BDF3AE00201534 /* Release */,
			);
			defaultConfigurationIsVisible = 0;
			defaultConfigurationName = Release;
		};
		6C9681AD24BDF3AE00201534 /* Build configuration list for PBXNativeTarget "HclTaskUITests" */ = {
			isa = XCConfigurationList;
			buildConfigurations = (
				6C9681AE24BDF3AE00201534 /* Debug */,
				6C9681AF24BDF3AE00201534 /* Release */,
			);
			defaultConfigurationIsVisible = 0;
			defaultConfigurationName = Release;
		};
/* End XCConfigurationList section */

/* Begin XCVersionGroup section */
		6C96818624BDF3AC00201534 /* HclTask.xcdatamodeld */ = {
			isa = XCVersionGroup;
			children = (
				6C96818724BDF3AC00201534 /* HclTask.xcdatamodel */,
			);
			currentVersion = 6C96818724BDF3AC00201534 /* HclTask.xcdatamodel */;
			path = HclTask.xcdatamodeld;
			sourceTree = "<group>";
			versionGroupType = wrapper.xcdatamodel;
		};
/* End XCVersionGroup section */
	};
	rootObject = 6C96817424BDF3AC00201534 /* Project object */;
}
